// !$*UTF8*$!
{
	archiveVersion = 1;
	classes = {
	};
	objectVersion = 46;
	objects = {

/* Begin PBXBuildFile section */
		1DDD58160DA1D0A300B32029 /* MainMenu.xib in Resources */ = {isa = PBXBuildFile; fileRef = 1DDD58140DA1D0A300B32029 /* MainMenu.xib */; };
		256AC3DA0F4B6AC300CF3369 /* Quest2AppDelegate.m in Sources */ = {isa = PBXBuildFile; fileRef = 256AC3D90F4B6AC300CF3369 /* Quest2AppDelegate.m */; };
		6366FDA916F193B5000D5A4E /* 06 Slider.mp3 in Resources */ = {isa = PBXBuildFile; fileRef = 6366FDA316F193B5000D5A4E /* 06 Slider.mp3 */; };
		6366FDAA16F193B5000D5A4E /* Horse_Race_Finish_Line.mp3 in Resources */ = {isa = PBXBuildFile; fileRef = 6366FDA416F193B5000D5A4E /* Horse_Race_Finish_Line.mp3 */; };
		6366FDAB16F193B5000D5A4E /* slideforward.png in Resources */ = {isa = PBXBuildFile; fileRef = 6366FDA516F193B5000D5A4E /* slideforward.png */; };
		6366FDAC16F193B5000D5A4E /* slideleft.png in Resources */ = {isa = PBXBuildFile; fileRef = 6366FDA616F193B5000D5A4E /* slideleft.png */; };
		6366FDAD16F193B5000D5A4E /* slideright.png in Resources */ = {isa = PBXBuildFile; fileRef = 6366FDA716F193B5000D5A4E /* slideright.png */; };
		6366FDAE16F193B5000D5A4E /* slidewailmer.png in Resources */ = {isa = PBXBuildFile; fileRef = 6366FDA816F193B5000D5A4E /* slidewailmer.png */; };
		6366FDCC16F194BE000D5A4E /* main.m in Sources */ = {isa = PBXBuildFile; fileRef = 6366FDCB16F194BD000D5A4E /* main.m */; };
		63B4541F16F42C3F001A9CA0 /* SampleRoom.m in Sources */ = {isa = PBXBuildFile; fileRef = 63B4541E16F42C3F001A9CA0 /* SampleRoom.m */; };
		63B4542C16F42FF1001A9CA0 /* Container.m in Sources */ = {isa = PBXBuildFile; fileRef = 63B4542116F42FF0001A9CA0 /* Container.m */; };
		63B4542D16F42FF1001A9CA0 /* Item.m in Sources */ = {isa = PBXBuildFile; fileRef = 63B4542416F42FF0001A9CA0 /* Item.m */; };
		63B4542E16F42FF1001A9CA0 /* Mobile.m in Sources */ = {isa = PBXBuildFile; fileRef = 63B4542716F42FF1001A9CA0 /* Mobile.m */; };
		63B4543216F43848001A9CA0 /* SampleMobile.m in Sources */ = {isa = PBXBuildFile; fileRef = 63B4543116F43848001A9CA0 /* SampleMobile.m */; };
		63B4543516F43851001A9CA0 /* SampleItem.m in Sources */ = {isa = PBXBuildFile; fileRef = 63B4543416F43851001A9CA0 /* SampleItem.m */; };
		63B4543816F43857001A9CA0 /* SampleContainer.m in Sources */ = {isa = PBXBuildFile; fileRef = 63B4543716F43857001A9CA0 /* SampleContainer.m */; };
		6B28EA51168BFC0200002E92 /* icon.icns in Resources */ = {isa = PBXBuildFile; fileRef = 6B28EA50168BFC0200002E92 /* icon.icns */; };
		6B2F8DFD12AE835100D9676F /* QuestView.m in Sources */ = {isa = PBXBuildFile; fileRef = 6B2F8DFC12AE835100D9676F /* QuestView.m */; };
		6B4BDE3A14A287D300A6C37A /* Player.m in Sources */ = {isa = PBXBuildFile; fileRef = 6B4BDE3914A287D300A6C37A /* Player.m */; };
		6B5B7BF214A7EAC5008F4F27 /* QTKit.framework in Frameworks */ = {isa = PBXBuildFile; fileRef = 6B5B7BF114A7EAC5008F4F27 /* QTKit.framework */; };
		6B893F5412AFE35E007F858E /* QuestHandler.m in Sources */ = {isa = PBXBuildFile; fileRef = 6B893F5312AFE35E007F858E /* QuestHandler.m */; };
		6BDBBD7614A3DFFD00C74EBA /* Room.m in Sources */ = {isa = PBXBuildFile; fileRef = 6BDBBD6E14A3DFFD00C74EBA /* Room.m */; };
		8D11072B0486CEB800E47090 /* InfoPlist.strings in Resources */ = {isa = PBXBuildFile; fileRef = 089C165CFE840E0CC02AAC07 /* InfoPlist.strings */; };
		8D11072F0486CEB800E47090 /* Cocoa.framework in Frameworks */ = {isa = PBXBuildFile; fileRef = 1058C7A1FEA54F0111CA2CBB /* Cocoa.framework */; };
/* End PBXBuildFile section */

/* Begin PBXFileReference section */
		089C165DFE840E0CC02AAC07 /* English */ = {isa = PBXFileReference; fileEncoding = 4; lastKnownFileType = text.plist.strings; name = English; path = English.lproj/InfoPlist.strings; sourceTree = "<group>"; };
		1058C7A1FEA54F0111CA2CBB /* Cocoa.framework */ = {isa = PBXFileReference; lastKnownFileType = wrapper.framework; name = Cocoa.framework; path = /System/Library/Frameworks/Cocoa.framework; sourceTree = "<absolute>"; };
		13E42FB307B3F0F600E4EEF1 /* CoreData.framework */ = {isa = PBXFileReference; lastKnownFileType = wrapper.framework; name = CoreData.framework; path = /System/Library/Frameworks/CoreData.framework; sourceTree = "<absolute>"; };
		1DDD58150DA1D0A300B32029 /* English */ = {isa = PBXFileReference; lastKnownFileType = file.xib; name = English; path = English.lproj/MainMenu.xib; sourceTree = "<group>"; };
		256AC3D80F4B6AC300CF3369 /* Quest2AppDelegate.h */ = {isa = PBXFileReference; fileEncoding = 4; lastKnownFileType = sourcecode.c.h; path = Quest2AppDelegate.h; sourceTree = "<group>"; };
		256AC3D90F4B6AC300CF3369 /* Quest2AppDelegate.m */ = {isa = PBXFileReference; fileEncoding = 4; lastKnownFileType = sourcecode.c.objc; path = Quest2AppDelegate.m; sourceTree = "<group>"; };
		256AC3F00F4B6AF500CF3369 /* JustyVenture_Prefix.pch */ = {isa = PBXFileReference; fileEncoding = 4; lastKnownFileType = sourcecode.c.h; path = JustyVenture_Prefix.pch; sourceTree = "<group>"; };
		29B97324FDCFA39411CA2CEA /* AppKit.framework */ = {isa = PBXFileReference; lastKnownFileType = wrapper.framework; name = AppKit.framework; path = /System/Library/Frameworks/AppKit.framework; sourceTree = "<absolute>"; };
		29B97325FDCFA39411CA2CEA /* Foundation.framework */ = {isa = PBXFileReference; lastKnownFileType = wrapper.framework; name = Foundation.framework; path = /System/Library/Frameworks/Foundation.framework; sourceTree = "<absolute>"; };
		6366FDA316F193B5000D5A4E /* 06 Slider.mp3 */ = {isa = PBXFileReference; lastKnownFileType = audio.mp3; name = "06 Slider.mp3"; path = "../Resources/06 Slider.mp3"; sourceTree = "<group>"; };
		6366FDA416F193B5000D5A4E /* Horse_Race_Finish_Line.mp3 */ = {isa = PBXFileReference; lastKnownFileType = audio.mp3; name = Horse_Race_Finish_Line.mp3; path = ../Resources/Horse_Race_Finish_Line.mp3; sourceTree = "<group>"; };
		6366FDA516F193B5000D5A4E /* slideforward.png */ = {isa = PBXFileReference; lastKnownFileType = image.png; name = slideforward.png; path = ../Resources/slideforward.png; sourceTree = "<group>"; };
		6366FDA616F193B5000D5A4E /* slideleft.png */ = {isa = PBXFileReference; lastKnownFileType = image.png; name = slideleft.png; path = ../Resources/slideleft.png; sourceTree = "<group>"; };
		6366FDA716F193B5000D5A4E /* slideright.png */ = {isa = PBXFileReference; lastKnownFileType = image.png; name = slideright.png; path = ../Resources/slideright.png; sourceTree = "<group>"; };
		6366FDA816F193B5000D5A4E /* slidewailmer.png */ = {isa = PBXFileReference; lastKnownFileType = image.png; name = slidewailmer.png; path = ../Resources/slidewailmer.png; sourceTree = "<group>"; };
		6366FDCB16F194BD000D5A4E /* main.m */ = {isa = PBXFileReference; fileEncoding = 4; lastKnownFileType = sourcecode.c.objc; path = main.m; sourceTree = "<group>"; };
		63B4541D16F42C3F001A9CA0 /* SampleRoom.h */ = {isa = PBXFileReference; fileEncoding = 4; lastKnownFileType = sourcecode.c.h; path = SampleRoom.h; sourceTree = "<group>"; };
		63B4541E16F42C3F001A9CA0 /* SampleRoom.m */ = {isa = PBXFileReference; fileEncoding = 4; lastKnownFileType = sourcecode.c.objc; path = SampleRoom.m; sourceTree = "<group>"; };
		63B4542016F42FF0001A9CA0 /* Container.h */ = {isa = PBXFileReference; fileEncoding = 4; lastKnownFileType = sourcecode.c.h; path = Container.h; sourceTree = "<group>"; };
		63B4542116F42FF0001A9CA0 /* Container.m */ = {isa = PBXFileReference; fileEncoding = 4; lastKnownFileType = sourcecode.c.objc; path = Container.m; sourceTree = "<group>"; };
		63B4542316F42FF0001A9CA0 /* Item.h */ = {isa = PBXFileReference; fileEncoding = 4; lastKnownFileType = sourcecode.c.h; path = Item.h; sourceTree = "<group>"; };
		63B4542416F42FF0001A9CA0 /* Item.m */ = {isa = PBXFileReference; fileEncoding = 4; lastKnownFileType = sourcecode.c.objc; path = Item.m; sourceTree = "<group>"; };
		63B4542616F42FF0001A9CA0 /* Mobile.h */ = {isa = PBXFileReference; fileEncoding = 4; lastKnownFileType = sourcecode.c.h; path = Mobile.h; sourceTree = "<group>"; };
		63B4542716F42FF1001A9CA0 /* Mobile.m */ = {isa = PBXFileReference; fileEncoding = 4; lastKnownFileType = sourcecode.c.objc; path = Mobile.m; sourceTree = "<group>"; };
		63B4543016F43848001A9CA0 /* SampleMobile.h */ = {isa = PBXFileReference; fileEncoding = 4; lastKnownFileType = sourcecode.c.h; path = SampleMobile.h; sourceTree = "<group>"; };
		63B4543116F43848001A9CA0 /* SampleMobile.m */ = {isa = PBXFileReference; fileEncoding = 4; lastKnownFileType = sourcecode.c.objc; path = SampleMobile.m; sourceTree = "<group>"; };
		63B4543316F43851001A9CA0 /* SampleItem.h */ = {isa = PBXFileReference; fileEncoding = 4; lastKnownFileType = sourcecode.c.h; path = SampleItem.h; sourceTree = "<group>"; };
		63B4543416F43851001A9CA0 /* SampleItem.m */ = {isa = PBXFileReference; fileEncoding = 4; lastKnownFileType = sourcecode.c.objc; path = SampleItem.m; sourceTree = "<group>"; };
		63B4543616F43857001A9CA0 /* SampleContainer.h */ = {isa = PBXFileReference; fileEncoding = 4; lastKnownFileType = sourcecode.c.h; path = SampleContainer.h; sourceTree = "<group>"; };
		63B4543716F43857001A9CA0 /* SampleContainer.m */ = {isa = PBXFileReference; fileEncoding = 4; lastKnownFileType = sourcecode.c.objc; path = SampleContainer.m; sourceTree = "<group>"; };
		6B28EA50168BFC0200002E92 /* icon.icns */ = {isa = PBXFileReference; lastKnownFileType = image.icns; path = icon.icns; sourceTree = "<group>"; };
		6B2F8DFB12AE835100D9676F /* QuestView.h */ = {isa = PBXFileReference; fileEncoding = 4; lastKnownFileType = sourcecode.c.h; path = QuestView.h; sourceTree = "<group>"; };
		6B2F8DFC12AE835100D9676F /* QuestView.m */ = {isa = PBXFileReference; fileEncoding = 4; lastKnownFileType = sourcecode.c.objc; path = QuestView.m; sourceTree = "<group>"; };
		6B4BDE3814A287D300A6C37A /* Player.h */ = {isa = PBXFileReference; fileEncoding = 4; lastKnownFileType = sourcecode.c.h; path = Player.h; sourceTree = "<group>"; };
		6B4BDE3914A287D300A6C37A /* Player.m */ = {isa = PBXFileReference; fileEncoding = 4; lastKnownFileType = sourcecode.c.objc; path = Player.m; sourceTree = "<group>"; };
		6B5B7BF114A7EAC5008F4F27 /* QTKit.framework */ = {isa = PBXFileReference; lastKnownFileType = wrapper.framework; name = QTKit.framework; path = System/Library/Frameworks/QTKit.framework; sourceTree = SDKROOT; };
		6B893F5212AFE35E007F858E /* QuestHandler.h */ = {isa = PBXFileReference; fileEncoding = 4; lastKnownFileType = sourcecode.c.h; path = QuestHandler.h; sourceTree = "<group>"; };
		6B893F5312AFE35E007F858E /* QuestHandler.m */ = {isa = PBXFileReference; fileEncoding = 4; lastKnownFileType = sourcecode.c.objc; path = QuestHandler.m; sourceTree = "<group>"; };
		6BDBBD6E14A3DFFD00C74EBA /* Room.m */ = {isa = PBXFileReference; fileEncoding = 4; lastKnownFileType = sourcecode.c.objc; path = Room.m; sourceTree = "<group>"; };
		6BDBBD7814A3E08C00C74EBA /* Room.h */ = {isa = PBXFileReference; lastKnownFileType = sourcecode.c.h; path = Room.h; sourceTree = "<group>"; };
		8D1107310486CEB800E47090 /* JustyVenture-Info.plist */ = {isa = PBXFileReference; fileEncoding = 4; lastKnownFileType = text.plist.xml; path = "JustyVenture-Info.plist"; sourceTree = "<group>"; };
		8D1107320486CEB800E47090 /* JustyVenture.app */ = {isa = PBXFileReference; explicitFileType = wrapper.application; includeInIndex = 0; path = JustyVenture.app; sourceTree = BUILT_PRODUCTS_DIR; };
/* End PBXFileReference section */

/* Begin PBXFrameworksBuildPhase section */
		8D11072E0486CEB800E47090 /* Frameworks */ = {
			isa = PBXFrameworksBuildPhase;
			buildActionMask = 2147483647;
			files = (
				6B5B7BF214A7EAC5008F4F27 /* QTKit.framework in Frameworks */,
				8D11072F0486CEB800E47090 /* Cocoa.framework in Frameworks */,
			);
			runOnlyForDeploymentPostprocessing = 0;
		};
/* End PBXFrameworksBuildPhase section */

/* Begin PBXGroup section */
		080E96DDFE201D6D7F000001 /* Source */ = {
			isa = PBXGroup;
			children = (
				63B4542016F42FF0001A9CA0 /* Container.h */,
				63B4542116F42FF0001A9CA0 /* Container.m */,
				63B4541A16F42B4F001A9CA0 /* Containers */,
				63B4542316F42FF0001A9CA0 /* Item.h */,
				63B4542416F42FF0001A9CA0 /* Item.m */,
				63B4541C16F42B6A001A9CA0 /* Items */,
				6366FDCB16F194BD000D5A4E /* main.m */,
				63B4542616F42FF0001A9CA0 /* Mobile.h */,
				63B4542716F42FF1001A9CA0 /* Mobile.m */,
				63B4541B16F42B5E001A9CA0 /* Mobiles */,
				6B4BDE3814A287D300A6C37A /* Player.h */,
				6B4BDE3914A287D300A6C37A /* Player.m */,
				256AC3D80F4B6AC300CF3369 /* Quest2AppDelegate.h */,
				256AC3D90F4B6AC300CF3369 /* Quest2AppDelegate.m */,
				6B893F5212AFE35E007F858E /* QuestHandler.h */,
				6B893F5312AFE35E007F858E /* QuestHandler.m */,
				6B2F8DFB12AE835100D9676F /* QuestView.h */,
				6B2F8DFC12AE835100D9676F /* QuestView.m */,
				6BDBBD7814A3E08C00C74EBA /* Room.h */,
				6BDBBD6E14A3DFFD00C74EBA /* Room.m */,
				6366FDAF16F194AE000D5A4E /* Rooms */,
			);
			name = Source;
			path = ../Source;
			sourceTree = "<group>";
		};
		19C28FACFE9D520D11CA2CBB /* Products */ = {
			isa = PBXGroup;
			children = (
				8D1107320486CEB800E47090 /* JustyVenture.app */,
			);
			name = Products;
			sourceTree = "<group>";
		};
		29B97314FDCFA39411CA2CEA /* Quest2 */ = {
			isa = PBXGroup;
			children = (
				29B97323FDCFA39411CA2CEA /* Frameworks */,
				19C28FACFE9D520D11CA2CBB /* Products */,
				29B97317FDCFA39411CA2CEA /* Resources */,
				080E96DDFE201D6D7F000001 /* Source */,
			);
			name = Quest2;
			sourceTree = "<group>";
		};
		29B97317FDCFA39411CA2CEA /* Resources */ = {
			isa = PBXGroup;
			children = (
				6366FDA316F193B5000D5A4E /* 06 Slider.mp3 */,
				6366FDA416F193B5000D5A4E /* Horse_Race_Finish_Line.mp3 */,
				6B28EA50168BFC0200002E92 /* icon.icns */,
				089C165CFE840E0CC02AAC07 /* InfoPlist.strings */,
				8D1107310486CEB800E47090 /* JustyVenture-Info.plist */,
				256AC3F00F4B6AF500CF3369 /* JustyVenture_Prefix.pch */,
				1DDD58140DA1D0A300B32029 /* MainMenu.xib */,
				6366FDA516F193B5000D5A4E /* slideforward.png */,
				6366FDA616F193B5000D5A4E /* slideleft.png */,
				6366FDA716F193B5000D5A4E /* slideright.png */,
				6366FDA816F193B5000D5A4E /* slidewailmer.png */,
			);
			name = Resources;
			sourceTree = "<group>";
		};
		29B97323FDCFA39411CA2CEA /* Frameworks */ = {
			isa = PBXGroup;
			children = (
				29B97324FDCFA39411CA2CEA /* AppKit.framework */,
				1058C7A1FEA54F0111CA2CBB /* Cocoa.framework */,
				13E42FB307B3F0F600E4EEF1 /* CoreData.framework */,
				29B97325FDCFA39411CA2CEA /* Foundation.framework */,
				6B5B7BF114A7EAC5008F4F27 /* QTKit.framework */,
			);
			name = Frameworks;
			sourceTree = "<group>";
		};
		6366FDAF16F194AE000D5A4E /* Rooms */ = {
			isa = PBXGroup;
			children = (
				63B4541D16F42C3F001A9CA0 /* SampleRoom.h */,
				63B4541E16F42C3F001A9CA0 /* SampleRoom.m */,
			);
			path = Rooms;
			sourceTree = "<group>";
		};
		63B4541A16F42B4F001A9CA0 /* Containers */ = {
			isa = PBXGroup;
			children = (
				63B4543616F43857001A9CA0 /* SampleContainer.h */,
				63B4543716F43857001A9CA0 /* SampleContainer.m */,
			);
			path = Containers;
			sourceTree = "<group>";
		};
		63B4541B16F42B5E001A9CA0 /* Mobiles */ = {
			isa = PBXGroup;
			children = (
				63B4543016F43848001A9CA0 /* SampleMobile.h */,
				63B4543116F43848001A9CA0 /* SampleMobile.m */,
			);
			path = Mobiles;
			sourceTree = "<group>";
		};
		63B4541C16F42B6A001A9CA0 /* Items */ = {
			isa = PBXGroup;
			children = (
				63B4543316F43851001A9CA0 /* SampleItem.h */,
				63B4543416F43851001A9CA0 /* SampleItem.m */,
			);
			path = Items;
			sourceTree = "<group>";
		};
/* End PBXGroup section */

/* Begin PBXNativeTarget section */
		8D1107260486CEB800E47090 /* JustyVenture */ = {
			isa = PBXNativeTarget;
			buildConfigurationList = C01FCF4A08A954540054247B /* Build configuration list for PBXNativeTarget "JustyVenture" */;
			buildPhases = (
				8D1107290486CEB800E47090 /* Resources */,
				8D11072C0486CEB800E47090 /* Sources */,
				8D11072E0486CEB800E47090 /* Frameworks */,
			);
			buildRules = (
			);
			dependencies = (
			);
			name = JustyVenture;
			productInstallPath = "$(HOME)/Applications";
			productName = Quest2;
			productReference = 8D1107320486CEB800E47090 /* JustyVenture.app */;
			productType = "com.apple.product-type.application";
		};
/* End PBXNativeTarget section */

/* Begin PBXProject section */
		29B97313FDCFA39411CA2CEA /* Project object */ = {
			isa = PBXProject;
			attributes = {
				LastUpgradeCheck = 0450;
			};
			buildConfigurationList = C01FCF4E08A954540054247B /* Build configuration list for PBXProject "JustyVenture" */;
			compatibilityVersion = "Xcode 3.2";
			developmentRegion = English;
			hasScannedForEncodings = 1;
			knownRegions = (
				English,
				Japanese,
				French,
				German,
			);
			mainGroup = 29B97314FDCFA39411CA2CEA /* Quest2 */;
			projectDirPath = "";
			projectRoot = "";
			targets = (
				8D1107260486CEB800E47090 /* JustyVenture */,
			);
		};
/* End PBXProject section */

/* Begin PBXResourcesBuildPhase section */
		8D1107290486CEB800E47090 /* Resources */ = {
			isa = PBXResourcesBuildPhase;
			buildActionMask = 2147483647;
			files = (
				8D11072B0486CEB800E47090 /* InfoPlist.strings in Resources */,
				1DDD58160DA1D0A300B32029 /* MainMenu.xib in Resources */,
				6B28EA51168BFC0200002E92 /* icon.icns in Resources */,
				6366FDA916F193B5000D5A4E /* 06 Slider.mp3 in Resources */,
				6366FDAA16F193B5000D5A4E /* Horse_Race_Finish_Line.mp3 in Resources */,
				6366FDAB16F193B5000D5A4E /* slideforward.png in Resources */,
				6366FDAC16F193B5000D5A4E /* slideleft.png in Resources */,
				6366FDAD16F193B5000D5A4E /* slideright.png in Resources */,
				6366FDAE16F193B5000D5A4E /* slidewailmer.png in Resources */,
			);
			runOnlyForDeploymentPostprocessing = 0;
		};
/* End PBXResourcesBuildPhase section */

/* Begin PBXSourcesBuildPhase section */
		8D11072C0486CEB800E47090 /* Sources */ = {
			isa = PBXSourcesBuildPhase;
			buildActionMask = 2147483647;
			files = (
				256AC3DA0F4B6AC300CF3369 /* Quest2AppDelegate.m in Sources */,
				6B2F8DFD12AE835100D9676F /* QuestView.m in Sources */,
				6B893F5412AFE35E007F858E /* QuestHandler.m in Sources */,
				6B4BDE3A14A287D300A6C37A /* Player.m in Sources */,
				6BDBBD7614A3DFFD00C74EBA /* Room.m in Sources */,
				6366FDCC16F194BE000D5A4E /* main.m in Sources */,
				63B4541F16F42C3F001A9CA0 /* SampleRoom.m in Sources */,
				63B4542C16F42FF1001A9CA0 /* Container.m in Sources */,
				63B4542D16F42FF1001A9CA0 /* Item.m in Sources */,
				63B4542E16F42FF1001A9CA0 /* Mobile.m in Sources */,
				63B4543216F43848001A9CA0 /* SampleMobile.m in Sources */,
				63B4543516F43851001A9CA0 /* SampleItem.m in Sources */,
				63B4543816F43857001A9CA0 /* SampleContainer.m in Sources */,
			);
			runOnlyForDeploymentPostprocessing = 0;
		};
/* End PBXSourcesBuildPhase section */

/* Begin PBXVariantGroup section */
		089C165CFE840E0CC02AAC07 /* InfoPlist.strings */ = {
			isa = PBXVariantGroup;
			children = (
				089C165DFE840E0CC02AAC07 /* English */,
			);
			name = InfoPlist.strings;
			sourceTree = "<group>";
		};
		1DDD58140DA1D0A300B32029 /* MainMenu.xib */ = {
			isa = PBXVariantGroup;
			children = (
				1DDD58150DA1D0A300B32029 /* English */,
			);
			name = MainMenu.xib;
			sourceTree = "<group>";
		};
/* End PBXVariantGroup section */

/* Begin XCBuildConfiguration section */
		C01FCF4B08A954540054247B /* Debug */ = {
			isa = XCBuildConfiguration;
			buildSettings = {
				ALWAYS_SEARCH_USER_PATHS = NO;
				COMBINE_HIDPI_IMAGES = YES;
				COPY_PHASE_STRIP = NO;
				GCC_DYNAMIC_NO_PIC = NO;
				GCC_MODEL_TUNING = G5;
				GCC_OPTIMIZATION_LEVEL = 0;
				GCC_PRECOMPILE_PREFIX_HEADER = YES;
				GCC_PREFIX_HEADER = JustyVenture_Prefix.pch;
				INFOPLIST_FILE = "JustyVenture-Info.plist";
				INSTALL_PATH = "$(HOME)/Applications";
				PRODUCT_NAME = JustyVenture;
			};
			name = Debug;
		};
		C01FCF4C08A954540054247B /* Release */ = {
			isa = XCBuildConfiguration;
			buildSettings = {
				ALWAYS_SEARCH_USER_PATHS = NO;
				COMBINE_HIDPI_IMAGES = YES;
				DEBUG_INFORMATION_FORMAT = "dwarf-with-dsym";
				GCC_MODEL_TUNING = G5;
				GCC_PRECOMPILE_PREFIX_HEADER = YES;
				GCC_PREFIX_HEADER = JustyVenture_Prefix.pch;
				INFOPLIST_FILE = "JustyVenture-Info.plist";
				INSTALL_PATH = "$(HOME)/Applications";
				PRODUCT_NAME = JustyVenture;
			};
			name = Release;
		};
		C01FCF4F08A954540054247B /* Debug */ = {
			isa = XCBuildConfiguration;
			buildSettings = {
				ARCHS = "$(ARCHS_STANDARD_32_64_BIT)";
				GCC_C_LANGUAGE_STANDARD = gnu99;
				GCC_OPTIMIZATION_LEVEL = 0;
				GCC_WARN_ABOUT_RETURN_TYPE = YES;
				GCC_WARN_UNUSED_VARIABLE = YES;
				ONLY_ACTIVE_ARCH = YES;
				SDKROOT = macosx10.7;
			};
			name = Debug;
		};
		C01FCF5008A954540054247B /* Release */ = {
			isa = XCBuildConfiguration;
			buildSettings = {
				ARCHS = "$(ARCHS_STANDARD_32_64_BIT)";
				GCC_C_LANGUAGE_STANDARD = gnu99;
				GCC_WARN_ABOUT_RETURN_TYPE = YES;
				GCC_WARN_UNUSED_VARIABLE = YES;
				SDKROOT = macosx10.7;
			};
			name = Release;
		};
/* End XCBuildConfiguration section */

/* Begin XCConfigurationList section */
		C01FCF4A08A954540054247B /* Build configuration list for PBXNativeTarget "JustyVenture" */ = {
			isa = XCConfigurationList;
			buildConfigurations = (
				C01FCF4B08A954540054247B /* Debug */,
				C01FCF4C08A954540054247B /* Release */,
			);
			defaultConfigurationIsVisible = 0;
			defaultConfigurationName = Release;
		};
		C01FCF4E08A954540054247B /* Build configuration list for PBXProject "JustyVenture" */ = {
			isa = XCConfigurationList;
			buildConfigurations = (
				C01FCF4F08A954540054247B /* Debug */,
				C01FCF5008A954540054247B /* Release */,
			);
			defaultConfigurationIsVisible = 0;
			defaultConfigurationName = Release;
		};
/* End XCConfigurationList section */
	};
	rootObject = 29B97313FDCFA39411CA2CEA /* Project object */;
}
