// !$*UTF8*$!
{
	archiveVersion = 1;
	classes = {
	};
	objectVersion = 46;
	objects = {

/* Begin PBXBuildFile section */
		6367A68618446C7F00894E52 /* Mob.m in Sources */ = {isa = PBXBuildFile; fileRef = 6367A68518446C7F00894E52 /* Mob.m */; };
		6367A68918446CC500894E52 /* Player.m in Sources */ = {isa = PBXBuildFile; fileRef = 6367A68818446CC500894E52 /* Player.m */; };
		6367A68C1844978A00894E52 /* Container.m in Sources */ = {isa = PBXBuildFile; fileRef = 6367A68B1844978A00894E52 /* Container.m */; };
		6367A68F184497AA00894E52 /* Exit.m in Sources */ = {isa = PBXBuildFile; fileRef = 6367A68E184497AA00894E52 /* Exit.m */; };
		63D816331820F28D0064F802 /* icon.icns in Resources */ = {isa = PBXBuildFile; fileRef = 63D816321820F28D0064F802 /* icon.icns */; };
		63D89CF11820FD0900CE5AC4 /* MainMenu.xib in Resources */ = {isa = PBXBuildFile; fileRef = 6B7B5ED21820365D00325259 /* MainMenu.xib */; };
		63D89CF21820FD1500CE5AC4 /* Credits.rtf in Resources */ = {isa = PBXBuildFile; fileRef = 6BE60F99181B98240063BB35 /* Credits.rtf */; };
		6B7B5ED61820389200325259 /* QuestView.m in Sources */ = {isa = PBXBuildFile; fileRef = 6B7B5ED51820389200325259 /* QuestView.m */; };
		6B7B5ED91820631D00325259 /* JustyVenture.m in Sources */ = {isa = PBXBuildFile; fileRef = 6B7B5ED81820631D00325259 /* JustyVenture.m */; };
		6B7B5EDC1820755A00325259 /* Room.m in Sources */ = {isa = PBXBuildFile; fileRef = 6B7B5EDB1820755A00325259 /* Room.m */; };
		6B7B5EDF182077DD00325259 /* Item.m in Sources */ = {isa = PBXBuildFile; fileRef = 6B7B5EDE182077DD00325259 /* Item.m */; };
		6B7B5EE218207A7B00325259 /* Command.m in Sources */ = {isa = PBXBuildFile; fileRef = 6B7B5EE118207A7B00325259 /* Command.m */; };
		6BB0478C1820D807000AD239 /* Adventure Files in Resources */ = {isa = PBXBuildFile; fileRef = 6BB0478A1820D7B8000AD239 /* Adventure Files */; };
		6BE60F8B181B98240063BB35 /* Cocoa.framework in Frameworks */ = {isa = PBXBuildFile; fileRef = 6BE60F8A181B98240063BB35 /* Cocoa.framework */; };
		6BE60F95181B98240063BB35 /* InfoPlist.strings in Resources */ = {isa = PBXBuildFile; fileRef = 6BE60F93181B98240063BB35 /* InfoPlist.strings */; };
		6BE60F97181B98240063BB35 /* main.m in Sources */ = {isa = PBXBuildFile; fileRef = 6BE60F96181B98240063BB35 /* main.m */; };
		6BE60F9E181B98240063BB35 /* AppDelegate.m in Sources */ = {isa = PBXBuildFile; fileRef = 6BE60F9D181B98240063BB35 /* AppDelegate.m */; };
/* End PBXBuildFile section */

/* Begin PBXFileReference section */
		6367A68418446C7F00894E52 /* Mob.h */ = {isa = PBXFileReference; fileEncoding = 4; lastKnownFileType = sourcecode.c.h; path = Mob.h; sourceTree = "<group>"; };
		6367A68518446C7F00894E52 /* Mob.m */ = {isa = PBXFileReference; fileEncoding = 4; lastKnownFileType = sourcecode.c.objc; path = Mob.m; sourceTree = "<group>"; };
		6367A68718446CC500894E52 /* Player.h */ = {isa = PBXFileReference; fileEncoding = 4; lastKnownFileType = sourcecode.c.h; path = Player.h; sourceTree = "<group>"; };
		6367A68818446CC500894E52 /* Player.m */ = {isa = PBXFileReference; fileEncoding = 4; lastKnownFileType = sourcecode.c.objc; path = Player.m; sourceTree = "<group>"; };
		6367A68A1844978A00894E52 /* Container.h */ = {isa = PBXFileReference; fileEncoding = 4; lastKnownFileType = sourcecode.c.h; path = Container.h; sourceTree = "<group>"; };
		6367A68B1844978A00894E52 /* Container.m */ = {isa = PBXFileReference; fileEncoding = 4; lastKnownFileType = sourcecode.c.objc; path = Container.m; sourceTree = "<group>"; };
		6367A68D184497A900894E52 /* Exit.h */ = {isa = PBXFileReference; fileEncoding = 4; lastKnownFileType = sourcecode.c.h; path = Exit.h; sourceTree = "<group>"; };
		6367A68E184497AA00894E52 /* Exit.m */ = {isa = PBXFileReference; fileEncoding = 4; lastKnownFileType = sourcecode.c.objc; path = Exit.m; sourceTree = "<group>"; };
		63D816321820F28D0064F802 /* icon.icns */ = {isa = PBXFileReference; lastKnownFileType = image.icns; path = icon.icns; sourceTree = SOURCE_ROOT; };
		6B7B5ED21820365D00325259 /* MainMenu.xib */ = {isa = PBXFileReference; fileEncoding = 4; lastKnownFileType = file.xib; name = MainMenu.xib; path = en.lproj/MainMenu.xib; sourceTree = "<group>"; };
		6B7B5ED41820389200325259 /* QuestView.h */ = {isa = PBXFileReference; fileEncoding = 4; lastKnownFileType = sourcecode.c.h; path = QuestView.h; sourceTree = "<group>"; };
		6B7B5ED51820389200325259 /* QuestView.m */ = {isa = PBXFileReference; fileEncoding = 4; lastKnownFileType = sourcecode.c.objc; path = QuestView.m; sourceTree = "<group>"; };
		6B7B5ED71820631D00325259 /* JustyVenture.h */ = {isa = PBXFileReference; fileEncoding = 4; lastKnownFileType = sourcecode.c.h; path = JustyVenture.h; sourceTree = "<group>"; };
		6B7B5ED81820631D00325259 /* JustyVenture.m */ = {isa = PBXFileReference; fileEncoding = 4; lastKnownFileType = sourcecode.c.objc; path = JustyVenture.m; sourceTree = "<group>"; };
		6B7B5EDA1820755A00325259 /* Room.h */ = {isa = PBXFileReference; fileEncoding = 4; lastKnownFileType = sourcecode.c.h; path = Room.h; sourceTree = "<group>"; };
		6B7B5EDB1820755A00325259 /* Room.m */ = {isa = PBXFileReference; fileEncoding = 4; lastKnownFileType = sourcecode.c.objc; path = Room.m; sourceTree = "<group>"; };
		6B7B5EDD182077DD00325259 /* Item.h */ = {isa = PBXFileReference; fileEncoding = 4; lastKnownFileType = sourcecode.c.h; path = Item.h; sourceTree = "<group>"; };
		6B7B5EDE182077DD00325259 /* Item.m */ = {isa = PBXFileReference; fileEncoding = 4; lastKnownFileType = sourcecode.c.objc; path = Item.m; sourceTree = "<group>"; };
		6B7B5EE018207A7B00325259 /* Command.h */ = {isa = PBXFileReference; fileEncoding = 4; lastKnownFileType = sourcecode.c.h; path = Command.h; sourceTree = "<group>"; };
		6B7B5EE118207A7B00325259 /* Command.m */ = {isa = PBXFileReference; fileEncoding = 4; lastKnownFileType = sourcecode.c.objc; path = Command.m; sourceTree = "<group>"; };
		6BB0478A1820D7B8000AD239 /* Adventure Files */ = {isa = PBXFileReference; lastKnownFileType = folder; name = "Adventure Files"; path = "../Resources/Adventure Files"; sourceTree = "<group>"; };
		6BE60F87181B98240063BB35 /* JustyVenture.app */ = {isa = PBXFileReference; explicitFileType = wrapper.application; includeInIndex = 0; path = JustyVenture.app; sourceTree = BUILT_PRODUCTS_DIR; };
		6BE60F8A181B98240063BB35 /* Cocoa.framework */ = {isa = PBXFileReference; lastKnownFileType = wrapper.framework; name = Cocoa.framework; path = System/Library/Frameworks/Cocoa.framework; sourceTree = SDKROOT; };
		6BE60F8D181B98240063BB35 /* AppKit.framework */ = {isa = PBXFileReference; lastKnownFileType = wrapper.framework; name = AppKit.framework; path = System/Library/Frameworks/AppKit.framework; sourceTree = SDKROOT; };
		6BE60F8E181B98240063BB35 /* CoreData.framework */ = {isa = PBXFileReference; lastKnownFileType = wrapper.framework; name = CoreData.framework; path = System/Library/Frameworks/CoreData.framework; sourceTree = SDKROOT; };
		6BE60F8F181B98240063BB35 /* Foundation.framework */ = {isa = PBXFileReference; lastKnownFileType = wrapper.framework; name = Foundation.framework; path = System/Library/Frameworks/Foundation.framework; sourceTree = SDKROOT; };
		6BE60F92181B98240063BB35 /* JustyVenture-Info.plist */ = {isa = PBXFileReference; lastKnownFileType = text.plist.xml; path = "JustyVenture-Info.plist"; sourceTree = "<group>"; };
		6BE60F94181B98240063BB35 /* en */ = {isa = PBXFileReference; lastKnownFileType = text.plist.strings; name = en; path = en.lproj/InfoPlist.strings; sourceTree = "<group>"; };
		6BE60F96181B98240063BB35 /* main.m */ = {isa = PBXFileReference; lastKnownFileType = sourcecode.c.objc; path = main.m; sourceTree = "<group>"; };
		6BE60F98181B98240063BB35 /* JustyVenture-Prefix.pch */ = {isa = PBXFileReference; lastKnownFileType = sourcecode.c.h; path = "JustyVenture-Prefix.pch"; sourceTree = "<group>"; };
		6BE60F9A181B98240063BB35 /* en */ = {isa = PBXFileReference; lastKnownFileType = text.rtf; name = en; path = en.lproj/Credits.rtf; sourceTree = "<group>"; };
		6BE60F9C181B98240063BB35 /* AppDelegate.h */ = {isa = PBXFileReference; lastKnownFileType = sourcecode.c.h; path = AppDelegate.h; sourceTree = "<group>"; };
		6BE60F9D181B98240063BB35 /* AppDelegate.m */ = {isa = PBXFileReference; lastKnownFileType = sourcecode.c.objc; path = AppDelegate.m; sourceTree = "<group>"; };
/* End PBXFileReference section */

/* Begin PBXFrameworksBuildPhase section */
		6BE60F84181B98240063BB35 /* Frameworks */ = {
			isa = PBXFrameworksBuildPhase;
			buildActionMask = 2147483647;
			files = (
				6BE60F8B181B98240063BB35 /* Cocoa.framework in Frameworks */,
			);
			runOnlyForDeploymentPostprocessing = 0;
		};
/* End PBXFrameworksBuildPhase section */

/* Begin PBXGroup section */
		63115DF31820F1DE00E163E1 /* Resources */ = {
			isa = PBXGroup;
			children = (
				6BE60F99181B98240063BB35 /* Credits.rtf */,
				63D816321820F28D0064F802 /* icon.icns */,
				6BE60F93181B98240063BB35 /* InfoPlist.strings */,
				6BE60F92181B98240063BB35 /* JustyVenture-Info.plist */,
				6BE60F98181B98240063BB35 /* JustyVenture-Prefix.pch */,
				6B7B5ED21820365D00325259 /* MainMenu.xib */,
			);
			name = Resources;
			sourceTree = "<group>";
		};
		6BE60F7E181B98240063BB35 = {
			isa = PBXGroup;
			children = (
				6BB0478A1820D7B8000AD239 /* Adventure Files */,
				6BE60F89181B98240063BB35 /* Frameworks */,
				6BE60F88181B98240063BB35 /* Products */,
				63115DF31820F1DE00E163E1 /* Resources */,
				6BE60F90181B98240063BB35 /* Source */,
			);
			sourceTree = "<group>";
		};
		6BE60F88181B98240063BB35 /* Products */ = {
			isa = PBXGroup;
			children = (
				6BE60F87181B98240063BB35 /* JustyVenture.app */,
			);
			name = Products;
			sourceTree = "<group>";
		};
		6BE60F89181B98240063BB35 /* Frameworks */ = {
			isa = PBXGroup;
			children = (
				6BE60F8A181B98240063BB35 /* Cocoa.framework */,
				6BE60F8C181B98240063BB35 /* Other Frameworks */,
			);
			name = Frameworks;
			sourceTree = "<group>";
		};
		6BE60F8C181B98240063BB35 /* Other Frameworks */ = {
			isa = PBXGroup;
			children = (
				6BE60F8D181B98240063BB35 /* AppKit.framework */,
				6BE60F8E181B98240063BB35 /* CoreData.framework */,
				6BE60F8F181B98240063BB35 /* Foundation.framework */,
			);
			name = "Other Frameworks";
			sourceTree = "<group>";
		};
		6BE60F90181B98240063BB35 /* Source */ = {
			isa = PBXGroup;
			children = (
				6BE60F9C181B98240063BB35 /* AppDelegate.h */,
				6BE60F9D181B98240063BB35 /* AppDelegate.m */,
				6B7B5EE018207A7B00325259 /* Command.h */,
				6B7B5EE118207A7B00325259 /* Command.m */,
				6367A68A1844978A00894E52 /* Container.h */,
				6367A68B1844978A00894E52 /* Container.m */,
				6367A68D184497A900894E52 /* Exit.h */,
				6367A68E184497AA00894E52 /* Exit.m */,
				6B7B5EDD182077DD00325259 /* Item.h */,
				6B7B5EDE182077DD00325259 /* Item.m */,
				6B7B5ED71820631D00325259 /* JustyVenture.h */,
				6B7B5ED81820631D00325259 /* JustyVenture.m */,
				6BE60F96181B98240063BB35 /* main.m */,
				6367A68418446C7F00894E52 /* Mob.h */,
				6367A68518446C7F00894E52 /* Mob.m */,
				6367A68718446CC500894E52 /* Player.h */,
				6367A68818446CC500894E52 /* Player.m */,
				6B7B5ED41820389200325259 /* QuestView.h */,
				6B7B5ED51820389200325259 /* QuestView.m */,
				6B7B5EDA1820755A00325259 /* Room.h */,
				6B7B5EDB1820755A00325259 /* Room.m */,
			);
			name = Source;
			path = ../Source;
			sourceTree = "<group>";
		};
/* End PBXGroup section */

/* Begin PBXNativeTarget section */
		6BE60F86181B98240063BB35 /* JustyVenture */ = {
			isa = PBXNativeTarget;
			buildConfigurationList = 6BE60FB8181B98240063BB35 /* Build configuration list for PBXNativeTarget "JustyVenture" */;
			buildPhases = (
				6BE60F83181B98240063BB35 /* Sources */,
				6BE60F84181B98240063BB35 /* Frameworks */,
				6BE60F85181B98240063BB35 /* Resources */,
			);
			buildRules = (
			);
			dependencies = (
			);
			name = JustyVenture;
			productName = JustyVenture;
			productReference = 6BE60F87181B98240063BB35 /* JustyVenture.app */;
			productType = "com.apple.product-type.application";
		};
/* End PBXNativeTarget section */

/* Begin PBXProject section */
		6BE60F7F181B98240063BB35 /* Project object */ = {
			isa = PBXProject;
			attributes = {
				LastUpgradeCheck = 0500;
				ORGANIZATIONNAME = "JustinTime Enterprises";
			};
			buildConfigurationList = 6BE60F82181B98240063BB35 /* Build configuration list for PBXProject "JustyVenture" */;
			compatibilityVersion = "Xcode 3.2";
			developmentRegion = English;
			hasScannedForEncodings = 0;
			knownRegions = (
				en,
				Base,
			);
			mainGroup = 6BE60F7E181B98240063BB35;
			productRefGroup = 6BE60F88181B98240063BB35 /* Products */;
			projectDirPath = "";
			projectRoot = "";
			targets = (
				6BE60F86181B98240063BB35 /* JustyVenture */,
			);
		};
/* End PBXProject section */

/* Begin PBXResourcesBuildPhase section */
		6BE60F85181B98240063BB35 /* Resources */ = {
			isa = PBXResourcesBuildPhase;
			buildActionMask = 2147483647;
			files = (
				6BB0478C1820D807000AD239 /* Adventure Files in Resources */,
				6BE60F95181B98240063BB35 /* InfoPlist.strings in Resources */,
				63D89CF21820FD1500CE5AC4 /* Credits.rtf in Resources */,
				63D89CF11820FD0900CE5AC4 /* MainMenu.xib in Resources */,
				63D816331820F28D0064F802 /* icon.icns in Resources */,
			);
			runOnlyForDeploymentPostprocessing = 0;
		};
/* End PBXResourcesBuildPhase section */

/* Begin PBXSourcesBuildPhase section */
		6BE60F83181B98240063BB35 /* Sources */ = {
			isa = PBXSourcesBuildPhase;
			buildActionMask = 2147483647;
			files = (
				6B7B5EDF182077DD00325259 /* Item.m in Sources */,
				6B7B5EDC1820755A00325259 /* Room.m in Sources */,
				6BE60F9E181B98240063BB35 /* AppDelegate.m in Sources */,
				6B7B5EE218207A7B00325259 /* Command.m in Sources */,
				6B7B5ED61820389200325259 /* QuestView.m in Sources */,
				6B7B5ED91820631D00325259 /* JustyVenture.m in Sources */,
				6BE60F97181B98240063BB35 /* main.m in Sources */,
				6367A68618446C7F00894E52 /* Mob.m in Sources */,
				6367A68918446CC500894E52 /* Player.m in Sources */,
				6367A68C1844978A00894E52 /* Container.m in Sources */,
				6367A68F184497AA00894E52 /* Exit.m in Sources */,
			);
			runOnlyForDeploymentPostprocessing = 0;
		};
/* End PBXSourcesBuildPhase section */

/* Begin PBXVariantGroup section */
		6BE60F93181B98240063BB35 /* InfoPlist.strings */ = {
			isa = PBXVariantGroup;
			children = (
				6BE60F94181B98240063BB35 /* en */,
			);
			name = InfoPlist.strings;
			sourceTree = "<group>";
		};
		6BE60F99181B98240063BB35 /* Credits.rtf */ = {
			isa = PBXVariantGroup;
			children = (
				6BE60F9A181B98240063BB35 /* en */,
			);
			name = Credits.rtf;
			sourceTree = "<group>";
		};
/* End PBXVariantGroup section */

/* Begin XCBuildConfiguration section */
		6BE60FB6181B98240063BB35 /* Debug */ = {
			isa = XCBuildConfiguration;
			buildSettings = {
				ALWAYS_SEARCH_USER_PATHS = NO;
				CLANG_CXX_LANGUAGE_STANDARD = "gnu++0x";
				CLANG_CXX_LIBRARY = "libc++";
				CLANG_ENABLE_OBJC_ARC = YES;
				CLANG_WARN_BOOL_CONVERSION = YES;
				CLANG_WARN_CONSTANT_CONVERSION = YES;
				CLANG_WARN_DIRECT_OBJC_ISA_USAGE = YES_ERROR;
				CLANG_WARN_EMPTY_BODY = YES;
				CLANG_WARN_ENUM_CONVERSION = YES;
				CLANG_WARN_INT_CONVERSION = YES;
				CLANG_WARN_OBJC_ROOT_CLASS = YES_ERROR;
				CLANG_WARN__DUPLICATE_METHOD_MATCH = YES;
				COPY_PHASE_STRIP = NO;
				GCC_C_LANGUAGE_STANDARD = gnu99;
				GCC_DYNAMIC_NO_PIC = NO;
				GCC_ENABLE_OBJC_EXCEPTIONS = YES;
				GCC_OPTIMIZATION_LEVEL = 0;
				GCC_PREPROCESSOR_DEFINITIONS = (
					"DEBUG=1",
					"$(inherited)",
				);
				GCC_SYMBOLS_PRIVATE_EXTERN = NO;
				GCC_WARN_64_TO_32_BIT_CONVERSION = YES;
				GCC_WARN_ABOUT_RETURN_TYPE = YES_ERROR;
				GCC_WARN_UNDECLARED_SELECTOR = YES;
				GCC_WARN_UNINITIALIZED_AUTOS = YES;
				GCC_WARN_UNUSED_FUNCTION = YES;
				GCC_WARN_UNUSED_VARIABLE = YES;
				MACOSX_DEPLOYMENT_TARGET = 10.7;
				ONLY_ACTIVE_ARCH = YES;
				SDKROOT = macosx;
			};
			name = Debug;
		};
		6BE60FB7181B98240063BB35 /* Release */ = {
			isa = XCBuildConfiguration;
			buildSettings = {
				ALWAYS_SEARCH_USER_PATHS = NO;
				CLANG_CXX_LANGUAGE_STANDARD = "gnu++0x";
				CLANG_CXX_LIBRARY = "libc++";
				CLANG_ENABLE_OBJC_ARC = YES;
				CLANG_WARN_BOOL_CONVERSION = YES;
				CLANG_WARN_CONSTANT_CONVERSION = YES;
				CLANG_WARN_DIRECT_OBJC_ISA_USAGE = YES_ERROR;
				CLANG_WARN_EMPTY_BODY = YES;
				CLANG_WARN_ENUM_CONVERSION = YES;
				CLANG_WARN_INT_CONVERSION = YES;
				CLANG_WARN_OBJC_ROOT_CLASS = YES_ERROR;
				CLANG_WARN__DUPLICATE_METHOD_MATCH = YES;
				COPY_PHASE_STRIP = YES;
				DEBUG_INFORMATION_FORMAT = "dwarf-with-dsym";
				ENABLE_NS_ASSERTIONS = NO;
				GCC_C_LANGUAGE_STANDARD = gnu99;
				GCC_ENABLE_OBJC_EXCEPTIONS = YES;
				GCC_WARN_64_TO_32_BIT_CONVERSION = YES;
				GCC_WARN_ABOUT_RETURN_TYPE = YES_ERROR;
				GCC_WARN_UNDECLARED_SELECTOR = YES;
				GCC_WARN_UNINITIALIZED_AUTOS = YES;
				GCC_WARN_UNUSED_FUNCTION = YES;
				GCC_WARN_UNUSED_VARIABLE = YES;
				MACOSX_DEPLOYMENT_TARGET = 10.7;
				SDKROOT = macosx;
			};
			name = Release;
		};
		6BE60FB9181B98240063BB35 /* Debug */ = {
			isa = XCBuildConfiguration;
			buildSettings = {
				ARCHS = "$(ARCHS_STANDARD_64_BIT)";
				ASSETCATALOG_COMPILER_APPICON_NAME = AppIcon;
				COMBINE_HIDPI_IMAGES = YES;
				GCC_PRECOMPILE_PREFIX_HEADER = YES;
				GCC_PREFIX_HEADER = "JustyVenture-Prefix.pch";
				INFOPLIST_FILE = "JustyVenture-Info.plist";
				MACOSX_DEPLOYMENT_TARGET = 10.7;
				ONLY_ACTIVE_ARCH = YES;
				PRODUCT_NAME = "$(TARGET_NAME)";
				SDKROOT = macosx;
				WRAPPER_EXTENSION = app;
			};
			name = Debug;
		};
		6BE60FBA181B98240063BB35 /* Release */ = {
			isa = XCBuildConfiguration;
			buildSettings = {
				ARCHS = "$(ARCHS_STANDARD_64_BIT)";
				ASSETCATALOG_COMPILER_APPICON_NAME = AppIcon;
				COMBINE_HIDPI_IMAGES = YES;
				GCC_PRECOMPILE_PREFIX_HEADER = YES;
				GCC_PREFIX_HEADER = "JustyVenture-Prefix.pch";
				INFOPLIST_FILE = "JustyVenture-Info.plist";
				MACOSX_DEPLOYMENT_TARGET = 10.7;
				ONLY_ACTIVE_ARCH = NO;
				PRODUCT_NAME = "$(TARGET_NAME)";
				SDKROOT = macosx;
				WRAPPER_EXTENSION = app;
			};
			name = Release;
		};
/* End XCBuildConfiguration section */

/* Begin XCConfigurationList section */
		6BE60F82181B98240063BB35 /* Build configuration list for PBXProject "JustyVenture" */ = {
			isa = XCConfigurationList;
			buildConfigurations = (
				6BE60FB6181B98240063BB35 /* Debug */,
				6BE60FB7181B98240063BB35 /* Release */,
			);
			defaultConfigurationIsVisible = 0;
			defaultConfigurationName = Release;
		};
		6BE60FB8181B98240063BB35 /* Build configuration list for PBXNativeTarget "JustyVenture" */ = {
			isa = XCConfigurationList;
			buildConfigurations = (
				6BE60FB9181B98240063BB35 /* Debug */,
				6BE60FBA181B98240063BB35 /* Release */,
			);
			defaultConfigurationIsVisible = 0;
			defaultConfigurationName = Release;
		};
/* End XCConfigurationList section */
	};
	rootObject = 6BE60F7F181B98240063BB35 /* Project object */;
}
